
Microsoft Visual Studio Solution File, Format Version 12.00
# Visual Studio Version 16
VisualStudioVersion = 16.0.31702.278
MinimumVisualStudioVersion = 10.0.40219.1
Project("{FAE04EC0-301F-11D3-BF4B-00C04F79EFBC}") = "DrawShapes", "DrawShapes.csproj", "{5C9869F0-6AA2-402A-8F10-E3FDFF2797B5}"
EndProject
Global
	GlobalSection(SolutionConfigurationPlatforms) = preSolution
		Debug|Any CPU = Debug|Any CPU
		Release|Any CPU = Release|Any CPU
	EndGlobalSection
	GlobalSection(ProjectConfigurationPlatforms) = postSolution
		{5C9869F0-6AA2-402A-8F10-E3FDFF2797B5}.Debug|Any CPU.ActiveCfg = Debug|Any CPU
		{5C9869F0-6AA2-402A-8F10-E3FDFF2797B5}.Debug|Any CPU.Build.0 = Debug|Any CPU
		{5C9869F0-6AA2-402A-8F10-E3FDFF2797B5}.Release|Any CPU.ActiveCfg = Release|Any CPU
		{5C9869F0-6AA2-402A-8F10-E3FDFF2797B5}.Release|Any CPU.Build.0 = Release|Any CPU
	EndGlobalSection
	GlobalSection(SolutionProperties) = preSolution
		HideSolutionNode = FALSE
	EndGlobalSection
	GlobalSection(ExtensibilityGlobals) = postSolution
		SolutionGuid = {84A773B4-631E-4865-8C21-690909BB0F9A}
	EndGlobalSection
EndGlobal
